{
  "name": "agent-integrations",
  "lockfileVersion": 3,
  "requires": true,
  "packages": {
    "": {
      "name": "agent-integrations",
      "workspaces": [
        "if-integration-clients/typescript",
        "tests/examples/typescript"
      ]
    },
    "if-integration-clients/typescript": {
      "name": "@if-integration/bridge-client",
      "version": "0.1.0",
      "dependencies": {
        "undici": "^7.0.0"
      },
      "devDependencies": {
        "@types/node": "^22.0.0",
        "typescript": "^5.7.0"
      }
    },
    "if-integration-clients/typescript/node_modules/@types/node": {
      "version": "22.20.0",
      "dev": true,
      "license": "MIT",
      "dependencies": {
        "undici-types": "~6.21.0"
      }
    },
    "if-integration-clients/typescript/node_modules/typescript": {
      "version": "5.9.3",
      "dev": true,
      "license": "Apache-2.0",
      "bin": {
        "tsc": "bin/tsc",
        "tsserver": "bin/tsserver"
      },
      "engines": {
        "node": ">=14.17"
      }
    },
    "if-integration-clients/typescript/node_modules/undici": {
      "version": "7.28.0",
      "license": "MIT",
      "engines": {
        "node": ">=20.18.1"
      }
    },
    "if-integration-clients/typescript/node_modules/undici-types": {
      "version": "6.21.0",
      "dev": true,
      "license": "MIT"
    },
    "node_modules/@if-integration/bridge-client": {
      "resolved": "if-integration-clients/typescript",
      "link": true
    },
    "node_modules/if-integration-bridge-example-ts": {
      "resolved": "tests/examples/typescript",
      "link": true
    },
    "tests/examples/typescript": {
      "name": "if-integration-bridge-example-ts",
      "dependencies": {
        "@if-integration/bridge-client": "*"
      }
    }
  }
}
